
Microsoft Visual Studio Solution File, Format Version 12.00
# Visual Studio Version 16
VisualStudioVersion = 16.0.30717.126
MinimumVisualStudioVersion = 10.0.40219.1
Project("{FAE04EC0-301F-11D3-BF4B-00C04F79EFBC}") = "MyInfo", "MyInfo\MyInfo.csproj", "{AE6A1C2B-FE81-41B1-9A95-51C48B14512C}"
EndProject
Global
	GlobalSection(SolutionConfigurationPlatforms) = preSolution
		Debug|Any CPU = Debug|Any CPU
		Release|Any CPU = Release|Any CPU
	EndGlobalSection
	GlobalSection(ProjectConfigurationPlatforms) = postSolution
		{AE6A1C2B-FE81-41B1-9A95-51C48B14512C}.Debug|Any CPU.ActiveCfg = Debug|Any CPU
		{AE6A1C2B-FE81-41B1-9A95-51C48B14512C}.Debug|Any CPU.Build.0 = Debug|Any CPU
		{AE6A1C2B-FE81-41B1-9A95-51C48B14512C}.Release|Any CPU.ActiveCfg = Release|Any CPU
		{AE6A1C2B-FE81-41B1-9A95-51C48B14512C}.Release|Any CPU.Build.0 = Release|Any CPU
	EndGlobalSection
	GlobalSection(SolutionProperties) = preSolution
		HideSolutionNode = FALSE
	EndGlobalSection
	GlobalSection(ExtensibilityGlobals) = postSolution
		SolutionGuid = {970ED64F-009A-4AA5-A904-1550110FCD21}
	EndGlobalSection
EndGlobal
